// !$*UTF8*$!
{
	archiveVersion = 1;
	classes = {
	};
	objectVersion = 77;
	objects = {

/* Begin PBXBuildFile section */
		960D2812F9F18DB7E97D7886 /* App.swift in Sources */ = {isa = PBXBuildFile; fileRef = 5828C3AAE6BDB7073849F27C /* App.swift */; };
		A1B2C3D4E5F60001A2B3C4D5 /* AppState.swift in Sources */ = {isa = PBXBuildFile; fileRef = A1B2C3D4E5F60011A2B3C4D5 /* AppState.swift */; };
		A1B2C3D4E5F60002A2B3C4D5 /* KinoClientEnvironment.swift in Sources */ = {isa = PBXBuildFile; fileRef = A1B2C3D4E5F60012A2B3C4D5 /* KinoClientEnvironment.swift */; };
		A1B2C3D4E5F60003A2B3C4D5 /* KinoAsyncImage.swift in Sources */ = {isa = PBXBuildFile; fileRef = A1B2C3D4E5F60013A2B3C4D5 /* KinoAsyncImage.swift */; };
		A1B2C3D4E5F60004A2B3C4D5 /* PosterCell.swift in Sources */ = {isa = PBXBuildFile; fileRef = A1B2C3D4E5F60014A2B3C4D5 /* PosterCell.swift */; };
		A1B2C3D4E5F60005A2B3C4D5 /* PosterRow.swift in Sources */ = {isa = PBXBuildFile; fileRef = A1B2C3D4E5F60015A2B3C4D5 /* PosterRow.swift */; };
		A1B2C3D4E5F60006A2B3C4D5 /* PosterGrid.swift in Sources */ = {isa = PBXBuildFile; fileRef = A1B2C3D4E5F60016A2B3C4D5 /* PosterGrid.swift */; };
		A1B2C3D4E5F60007A2B3C4D5 /* StatusPill.swift in Sources */ = {isa = PBXBuildFile; fileRef = A1B2C3D4E5F60017A2B3C4D5 /* StatusPill.swift */; };
		A1B2C3D4E5F60008A2B3C4D5 /* ErrorBanner.swift in Sources */ = {isa = PBXBuildFile; fileRef = A1B2C3D4E5F60018A2B3C4D5 /* ErrorBanner.swift */; };
		A1B2C3D4E5F60009A2B3C4D5 /* AvatarButton.swift in Sources */ = {isa = PBXBuildFile; fileRef = A1B2C3D4E5F60019A2B3C4D5 /* AvatarButton.swift */; };
		CP1000000000000000000001 /* StatusPillRequestState.swift in Sources */ = {isa = PBXBuildFile; fileRef = CP2000000000000000000001 /* StatusPillRequestState.swift */; };
		A1B2C3D4E5F6000AA2B3C4D5 /* MainTabView.swift in Sources */ = {isa = PBXBuildFile; fileRef = A1B2C3D4E5F6001AA2B3C4D5 /* MainTabView.swift */; };
		A1B2C3D4E5F6000BA2B3C4D5 /* MainSplitView.swift in Sources */ = {isa = PBXBuildFile; fileRef = A1B2C3D4E5F6001BA2B3C4D5 /* MainSplitView.swift */; };
		A1B2C3D4E5F6000CA2B3C4D5 /* AccountSheet.swift in Sources */ = {isa = PBXBuildFile; fileRef = A1B2C3D4E5F6001CA2B3C4D5 /* AccountSheet.swift */; };
		EDEE471449BC0507867F7EAB /* KinoKit in Frameworks */ = {isa = PBXBuildFile; productRef = 2C72175A3B6818306FD6DF32 /* KinoKit */; };
		FEF3FD13A05E29B3A380D0D7 /* LaunchSmokeTests.swift in Sources */ = {isa = PBXBuildFile; fileRef = B24DC7890F8A1D90DDD3CE41 /* LaunchSmokeTests.swift */; };
		PA1000000000000000000001 /* PairingFlow.swift in Sources */ = {isa = PBXBuildFile; fileRef = PA2000000000000000000001 /* PairingFlow.swift */; };
		PA1000000000000000000002 /* PairingViewModel.swift in Sources */ = {isa = PBXBuildFile; fileRef = PA2000000000000000000002 /* PairingViewModel.swift */; };
		PA1000000000000000000003 /* ServerListView.swift in Sources */ = {isa = PBXBuildFile; fileRef = PA2000000000000000000003 /* ServerListView.swift */; };
		PA1000000000000000000004 /* ManualURLEntryView.swift in Sources */ = {isa = PBXBuildFile; fileRef = PA2000000000000000000004 /* ManualURLEntryView.swift */; };
		PA1000000000000000000005 /* CodeView.swift in Sources */ = {isa = PBXBuildFile; fileRef = PA2000000000000000000005 /* CodeView.swift */; };
		MV1000000000000000000001 /* LibraryGridViewModel.swift in Sources */ = {isa = PBXBuildFile; fileRef = MV2000000000000000000001 /* LibraryGridViewModel.swift */; };
		MV1000000000000000000002 /* LibraryGridView.swift in Sources */ = {isa = PBXBuildFile; fileRef = MV2000000000000000000002 /* LibraryGridView.swift */; };
		MV1000000000000000000003 /* MoviesView.swift in Sources */ = {isa = PBXBuildFile; fileRef = MV2000000000000000000003 /* MoviesView.swift */; };
		MV1000000000000000000004 /* ShowsView.swift in Sources */ = {isa = PBXBuildFile; fileRef = MV2000000000000000000004 /* ShowsView.swift */; };
		MV1000000000000000000005 /* ItemDetailViewModel.swift in Sources */ = {isa = PBXBuildFile; fileRef = MV2000000000000000000005 /* ItemDetailViewModel.swift */; };
		MV1000000000000000000006 /* ItemDetailView.swift in Sources */ = {isa = PBXBuildFile; fileRef = MV2000000000000000000006 /* ItemDetailView.swift */; };
		SR1000000000000000000001 /* SearchViewModel.swift in Sources */ = {isa = PBXBuildFile; fileRef = SR2000000000000000000001 /* SearchViewModel.swift */; };
		SR1000000000000000000002 /* SearchView.swift in Sources */ = {isa = PBXBuildFile; fileRef = SR2000000000000000000002 /* SearchView.swift */; };
		HM1000000000000000000001 /* HomeViewModel.swift in Sources */ = {isa = PBXBuildFile; fileRef = HM2000000000000000000001 /* HomeViewModel.swift */; };
		HM1000000000000000000002 /* HomeView.swift in Sources */ = {isa = PBXBuildFile; fileRef = HM2000000000000000000002 /* HomeView.swift */; };
		RQ1000000000000000000001 /* RequestsViewModel.swift in Sources */ = {isa = PBXBuildFile; fileRef = RQ2000000000000000000001 /* RequestsViewModel.swift */; };
		RQ1000000000000000000002 /* RequestsView.swift in Sources */ = {isa = PBXBuildFile; fileRef = RQ2000000000000000000002 /* RequestsView.swift */; };
		RQ1000000000000000000003 /* RequestDetailViewModel.swift in Sources */ = {isa = PBXBuildFile; fileRef = RQ2000000000000000000003 /* RequestDetailViewModel.swift */; };
		RQ1000000000000000000004 /* RequestDetailView.swift in Sources */ = {isa = PBXBuildFile; fileRef = RQ2000000000000000000004 /* RequestDetailView.swift */; };
		ST1000000000000000000001 /* SettingsViewModel.swift in Sources */ = {isa = PBXBuildFile; fileRef = ST2000000000000000000001 /* SettingsViewModel.swift */; };
		ST1000000000000000000002 /* SettingsView.swift in Sources */ = {isa = PBXBuildFile; fileRef = ST2000000000000000000002 /* SettingsView.swift */; };
		PL1000000000000000000001 /* AVPlayerViewControllerRepresentable.swift in Sources */ = {isa = PBXBuildFile; fileRef = PL2000000000000000000001 /* AVPlayerViewControllerRepresentable.swift */; };
		PL1000000000000000000002 /* PlayerContainer.swift in Sources */ = {isa = PBXBuildFile; fileRef = PL2000000000000000000002 /* PlayerContainer.swift */; };
/* End PBXBuildFile section */

/* Begin PBXContainerItemProxy section */
		EB50F4C77820FB88F246B750 /* PBXContainerItemProxy */ = {
			isa = PBXContainerItemProxy;
			containerPortal = D639DD0B0024151CEC6596D7 /* Project object */;
			proxyType = 1;
			remoteGlobalIDString = 0D63D1002C72FD2629CB52A7;
			remoteInfo = "Kino-iOS";
		};
/* End PBXContainerItemProxy section */

/* Begin PBXFileReference section */
		38BAF28BD89C890BAB64F420 /* KinoKit */ = {isa = PBXFileReference; lastKnownFileType = folder; name = KinoKit; path = ../../Packages/KinoKit; sourceTree = SOURCE_ROOT; };
		5828C3AAE6BDB7073849F27C /* App.swift */ = {isa = PBXFileReference; lastKnownFileType = sourcecode.swift; path = App.swift; sourceTree = "<group>"; };
		76D72FD4AF005F78427746CE /* Kino-iOSUITests.xctest */ = {isa = PBXFileReference; includeInIndex = 0; lastKnownFileType = wrapper.cfbundle; path = "Kino-iOSUITests.xctest"; sourceTree = BUILT_PRODUCTS_DIR; };
		A1B2C3D4E5F60011A2B3C4D5 /* AppState.swift */ = {isa = PBXFileReference; lastKnownFileType = sourcecode.swift; path = AppState.swift; sourceTree = "<group>"; };
		A1B2C3D4E5F60012A2B3C4D5 /* KinoClientEnvironment.swift */ = {isa = PBXFileReference; lastKnownFileType = sourcecode.swift; path = KinoClientEnvironment.swift; sourceTree = "<group>"; };
		A1B2C3D4E5F60013A2B3C4D5 /* KinoAsyncImage.swift */ = {isa = PBXFileReference; lastKnownFileType = sourcecode.swift; path = KinoAsyncImage.swift; sourceTree = "<group>"; };
		A1B2C3D4E5F60014A2B3C4D5 /* PosterCell.swift */ = {isa = PBXFileReference; lastKnownFileType = sourcecode.swift; path = PosterCell.swift; sourceTree = "<group>"; };
		A1B2C3D4E5F60015A2B3C4D5 /* PosterRow.swift */ = {isa = PBXFileReference; lastKnownFileType = sourcecode.swift; path = PosterRow.swift; sourceTree = "<group>"; };
		A1B2C3D4E5F60016A2B3C4D5 /* PosterGrid.swift */ = {isa = PBXFileReference; lastKnownFileType = sourcecode.swift; path = PosterGrid.swift; sourceTree = "<group>"; };
		A1B2C3D4E5F60017A2B3C4D5 /* StatusPill.swift */ = {isa = PBXFileReference; lastKnownFileType = sourcecode.swift; path = StatusPill.swift; sourceTree = "<group>"; };
		A1B2C3D4E5F60018A2B3C4D5 /* ErrorBanner.swift */ = {isa = PBXFileReference; lastKnownFileType = sourcecode.swift; path = ErrorBanner.swift; sourceTree = "<group>"; };
		A1B2C3D4E5F60019A2B3C4D5 /* AvatarButton.swift */ = {isa = PBXFileReference; lastKnownFileType = sourcecode.swift; path = AvatarButton.swift; sourceTree = "<group>"; };
		CP2000000000000000000001 /* StatusPillRequestState.swift */ = {isa = PBXFileReference; lastKnownFileType = sourcecode.swift; path = StatusPillRequestState.swift; sourceTree = "<group>"; };
		A1B2C3D4E5F6001AA2B3C4D5 /* MainTabView.swift */ = {isa = PBXFileReference; lastKnownFileType = sourcecode.swift; path = MainTabView.swift; sourceTree = "<group>"; };
		A1B2C3D4E5F6001BA2B3C4D5 /* MainSplitView.swift */ = {isa = PBXFileReference; lastKnownFileType = sourcecode.swift; path = MainSplitView.swift; sourceTree = "<group>"; };
		A1B2C3D4E5F6001CA2B3C4D5 /* AccountSheet.swift */ = {isa = PBXFileReference; lastKnownFileType = sourcecode.swift; path = AccountSheet.swift; sourceTree = "<group>"; };
		B24DC7890F8A1D90DDD3CE41 /* LaunchSmokeTests.swift */ = {isa = PBXFileReference; lastKnownFileType = sourcecode.swift; path = LaunchSmokeTests.swift; sourceTree = "<group>"; };
		C2CDC0220292A74D0D00B2A5 /* Kino-iOS.app */ = {isa = PBXFileReference; includeInIndex = 0; lastKnownFileType = wrapper.application; path = "Kino-iOS.app"; sourceTree = BUILT_PRODUCTS_DIR; };
		PA2000000000000000000001 /* PairingFlow.swift */ = {isa = PBXFileReference; lastKnownFileType = sourcecode.swift; path = PairingFlow.swift; sourceTree = "<group>"; };
		PA2000000000000000000002 /* PairingViewModel.swift */ = {isa = PBXFileReference; lastKnownFileType = sourcecode.swift; path = PairingViewModel.swift; sourceTree = "<group>"; };
		PA2000000000000000000003 /* ServerListView.swift */ = {isa = PBXFileReference; lastKnownFileType = sourcecode.swift; path = ServerListView.swift; sourceTree = "<group>"; };
		PA2000000000000000000004 /* ManualURLEntryView.swift */ = {isa = PBXFileReference; lastKnownFileType = sourcecode.swift; path = ManualURLEntryView.swift; sourceTree = "<group>"; };
		PA2000000000000000000005 /* CodeView.swift */ = {isa = PBXFileReference; lastKnownFileType = sourcecode.swift; path = CodeView.swift; sourceTree = "<group>"; };
		MV2000000000000000000001 /* LibraryGridViewModel.swift */ = {isa = PBXFileReference; lastKnownFileType = sourcecode.swift; path = LibraryGridViewModel.swift; sourceTree = "<group>"; };
		MV2000000000000000000002 /* LibraryGridView.swift */ = {isa = PBXFileReference; lastKnownFileType = sourcecode.swift; path = LibraryGridView.swift; sourceTree = "<group>"; };
		MV2000000000000000000003 /* MoviesView.swift */ = {isa = PBXFileReference; lastKnownFileType = sourcecode.swift; path = MoviesView.swift; sourceTree = "<group>"; };
		MV2000000000000000000004 /* ShowsView.swift */ = {isa = PBXFileReference; lastKnownFileType = sourcecode.swift; path = ShowsView.swift; sourceTree = "<group>"; };
		MV2000000000000000000005 /* ItemDetailViewModel.swift */ = {isa = PBXFileReference; lastKnownFileType = sourcecode.swift; path = ItemDetailViewModel.swift; sourceTree = "<group>"; };
		MV2000000000000000000006 /* ItemDetailView.swift */ = {isa = PBXFileReference; lastKnownFileType = sourcecode.swift; path = ItemDetailView.swift; sourceTree = "<group>"; };
		SR2000000000000000000001 /* SearchViewModel.swift */ = {isa = PBXFileReference; lastKnownFileType = sourcecode.swift; path = SearchViewModel.swift; sourceTree = "<group>"; };
		SR2000000000000000000002 /* SearchView.swift */ = {isa = PBXFileReference; lastKnownFileType = sourcecode.swift; path = SearchView.swift; sourceTree = "<group>"; };
		HM2000000000000000000001 /* HomeViewModel.swift */ = {isa = PBXFileReference; lastKnownFileType = sourcecode.swift; path = HomeViewModel.swift; sourceTree = "<group>"; };
		HM2000000000000000000002 /* HomeView.swift */ = {isa = PBXFileReference; lastKnownFileType = sourcecode.swift; path = HomeView.swift; sourceTree = "<group>"; };
		RQ2000000000000000000001 /* RequestsViewModel.swift */ = {isa = PBXFileReference; lastKnownFileType = sourcecode.swift; path = RequestsViewModel.swift; sourceTree = "<group>"; };
		RQ2000000000000000000002 /* RequestsView.swift */ = {isa = PBXFileReference; lastKnownFileType = sourcecode.swift; path = RequestsView.swift; sourceTree = "<group>"; };
		RQ2000000000000000000003 /* RequestDetailViewModel.swift */ = {isa = PBXFileReference; lastKnownFileType = sourcecode.swift; path = RequestDetailViewModel.swift; sourceTree = "<group>"; };
		RQ2000000000000000000004 /* RequestDetailView.swift */ = {isa = PBXFileReference; lastKnownFileType = sourcecode.swift; path = RequestDetailView.swift; sourceTree = "<group>"; };
		ST2000000000000000000001 /* SettingsViewModel.swift */ = {isa = PBXFileReference; lastKnownFileType = sourcecode.swift; path = SettingsViewModel.swift; sourceTree = "<group>"; };
		ST2000000000000000000002 /* SettingsView.swift */ = {isa = PBXFileReference; lastKnownFileType = sourcecode.swift; path = SettingsView.swift; sourceTree = "<group>"; };
		PL2000000000000000000001 /* AVPlayerViewControllerRepresentable.swift */ = {isa = PBXFileReference; lastKnownFileType = sourcecode.swift; path = AVPlayerViewControllerRepresentable.swift; sourceTree = "<group>"; };
		PL2000000000000000000002 /* PlayerContainer.swift */ = {isa = PBXFileReference; lastKnownFileType = sourcecode.swift; path = PlayerContainer.swift; sourceTree = "<group>"; };
/* End PBXFileReference section */

/* Begin PBXFrameworksBuildPhase section */
		BA5B26174D43F61FA4B85180 /* Frameworks */ = {
			isa = PBXFrameworksBuildPhase;
			buildActionMask = 2147483647;
			files = (
				EDEE471449BC0507867F7EAB /* KinoKit in Frameworks */,
			);
			runOnlyForDeploymentPostprocessing = 0;
		};
/* End PBXFrameworksBuildPhase section */

/* Begin PBXGroup section */
		576445F341FCE011F2E266E0 /* Packages */ = {
			isa = PBXGroup;
			children = (
				38BAF28BD89C890BAB64F420 /* KinoKit */,
			);
			name = Packages;
			sourceTree = "<group>";
		};
		6E3F38FB0990C6DF718E999A /* UITests */ = {
			isa = PBXGroup;
			children = (
				B24DC7890F8A1D90DDD3CE41 /* LaunchSmokeTests.swift */,
			);
			path = UITests;
			sourceTree = "<group>";
		};
		AD22F0E6BC90371C89AD6B5D /* Products */ = {
			isa = PBXGroup;
			children = (
				C2CDC0220292A74D0D00B2A5 /* Kino-iOS.app */,
				76D72FD4AF005F78427746CE /* Kino-iOSUITests.xctest */,
			);
			name = Products;
			sourceTree = "<group>";
		};
		A1B2C3D4E5F60030A2B3C4D5 /* Components */ = {
			isa = PBXGroup;
			children = (
				A1B2C3D4E5F60013A2B3C4D5 /* KinoAsyncImage.swift */,
				A1B2C3D4E5F60014A2B3C4D5 /* PosterCell.swift */,
				A1B2C3D4E5F60015A2B3C4D5 /* PosterRow.swift */,
				A1B2C3D4E5F60016A2B3C4D5 /* PosterGrid.swift */,
				A1B2C3D4E5F60017A2B3C4D5 /* StatusPill.swift */,
				A1B2C3D4E5F60018A2B3C4D5 /* ErrorBanner.swift */,
				A1B2C3D4E5F60019A2B3C4D5 /* AvatarButton.swift */,
				CP2000000000000000000001 /* StatusPillRequestState.swift */,
			);
			path = Components;
			sourceTree = "<group>";
		};
		A1B2C3D4E5F60031A2B3C4D5 /* Navigation */ = {
			isa = PBXGroup;
			children = (
				A1B2C3D4E5F6001AA2B3C4D5 /* MainTabView.swift */,
				A1B2C3D4E5F6001BA2B3C4D5 /* MainSplitView.swift */,
				A1B2C3D4E5F6001CA2B3C4D5 /* AccountSheet.swift */,
			);
			path = Navigation;
			sourceTree = "<group>";
		};
		PA3000000000000000000001 /* Pairing */ = {
			isa = PBXGroup;
			children = (
				PA2000000000000000000001 /* PairingFlow.swift */,
				PA2000000000000000000002 /* PairingViewModel.swift */,
				PA2000000000000000000003 /* ServerListView.swift */,
				PA2000000000000000000004 /* ManualURLEntryView.swift */,
				PA2000000000000000000005 /* CodeView.swift */,
			);
			path = Pairing;
			sourceTree = "<group>";
		};
		MV3000000000000000000001 /* Movies */ = {
			isa = PBXGroup;
			children = (
				MV2000000000000000000001 /* LibraryGridViewModel.swift */,
				MV2000000000000000000002 /* LibraryGridView.swift */,
				MV2000000000000000000003 /* MoviesView.swift */,
				MV2000000000000000000004 /* ShowsView.swift */,
				MV2000000000000000000005 /* ItemDetailViewModel.swift */,
				MV2000000000000000000006 /* ItemDetailView.swift */,
			);
			path = Movies;
			sourceTree = "<group>";
		};
		SR3000000000000000000001 /* Search */ = {
			isa = PBXGroup;
			children = (
				SR2000000000000000000001 /* SearchViewModel.swift */,
				SR2000000000000000000002 /* SearchView.swift */,
			);
			path = Search;
			sourceTree = "<group>";
		};
		HM3000000000000000000001 /* Home */ = {
			isa = PBXGroup;
			children = (
				HM2000000000000000000001 /* HomeViewModel.swift */,
				HM2000000000000000000002 /* HomeView.swift */,
			);
			path = Home;
			sourceTree = "<group>";
		};
		RQ3000000000000000000001 /* Requests */ = {
			isa = PBXGroup;
			children = (
				RQ2000000000000000000001 /* RequestsViewModel.swift */,
				RQ2000000000000000000002 /* RequestsView.swift */,
				RQ2000000000000000000003 /* RequestDetailViewModel.swift */,
				RQ2000000000000000000004 /* RequestDetailView.swift */,
			);
			path = Requests;
			sourceTree = "<group>";
		};
		ST3000000000000000000001 /* Settings */ = {
			isa = PBXGroup;
			children = (
				ST2000000000000000000001 /* SettingsViewModel.swift */,
				ST2000000000000000000002 /* SettingsView.swift */,
			);
			path = Settings;
			sourceTree = "<group>";
		};
		PL3000000000000000000001 /* Player */ = {
			isa = PBXGroup;
			children = (
				PL2000000000000000000001 /* AVPlayerViewControllerRepresentable.swift */,
				PL2000000000000000000002 /* PlayerContainer.swift */,
			);
			path = Player;
			sourceTree = "<group>";
		};
		DE22E39B032DDAF0C6999204 /* Sources */ = {
			isa = PBXGroup;
			children = (
				5828C3AAE6BDB7073849F27C /* App.swift */,
				A1B2C3D4E5F60011A2B3C4D5 /* AppState.swift */,
				A1B2C3D4E5F60012A2B3C4D5 /* KinoClientEnvironment.swift */,
				A1B2C3D4E5F60030A2B3C4D5 /* Components */,
				A1B2C3D4E5F60031A2B3C4D5 /* Navigation */,
				PA3000000000000000000001 /* Pairing */,
				HM3000000000000000000001 /* Home */,
				MV3000000000000000000001 /* Movies */,
				SR3000000000000000000001 /* Search */,
				RQ3000000000000000000001 /* Requests */,
				ST3000000000000000000001 /* Settings */,
				PL3000000000000000000001 /* Player */,
			);
			path = Sources;
			sourceTree = "<group>";
		};
		F43CB591389BC8650B3661D4 = {
			isa = PBXGroup;
			children = (
				576445F341FCE011F2E266E0 /* Packages */,
				DE22E39B032DDAF0C6999204 /* Sources */,
				6E3F38FB0990C6DF718E999A /* UITests */,
				AD22F0E6BC90371C89AD6B5D /* Products */,
			);
			sourceTree = "<group>";
		};
/* End PBXGroup section */

/* Begin PBXNativeTarget section */
		0D63D1002C72FD2629CB52A7 /* Kino-iOS */ = {
			isa = PBXNativeTarget;
			buildConfigurationList = 4152280E2FB332793B31A738 /* Build configuration list for PBXNativeTarget "Kino-iOS" */;
			buildPhases = (
				8DD15C793353C9E7B15C0B70 /* Sources */,
				BA5B26174D43F61FA4B85180 /* Frameworks */,
			);
			buildRules = (
			);
			dependencies = (
			);
			name = "Kino-iOS";
			packageProductDependencies = (
				2C72175A3B6818306FD6DF32 /* KinoKit */,
			);
			productName = "Kino-iOS";
			productReference = C2CDC0220292A74D0D00B2A5 /* Kino-iOS.app */;
			productType = "com.apple.product-type.application";
		};
		6B260098E370C47DED35CB6B /* Kino-iOSUITests */ = {
			isa = PBXNativeTarget;
			buildConfigurationList = 6B39DC122CBF5C11679DDAE7 /* Build configuration list for PBXNativeTarget "Kino-iOSUITests" */;
			buildPhases = (
				7612681755E31A63315B2289 /* Sources */,
			);
			buildRules = (
			);
			dependencies = (
				572173EC67E3EB950E1B58C1 /* PBXTargetDependency */,
			);
			name = "Kino-iOSUITests";
			packageProductDependencies = (
			);
			productName = "Kino-iOSUITests";
			productReference = 76D72FD4AF005F78427746CE /* Kino-iOSUITests.xctest */;
			productType = "com.apple.product-type.bundle.ui-testing";
		};
/* End PBXNativeTarget section */

/* Begin PBXProject section */
		D639DD0B0024151CEC6596D7 /* Project object */ = {
			isa = PBXProject;
			attributes = {
				BuildIndependentTargetsInParallel = YES;
				LastUpgradeCheck = 1430;
				TargetAttributes = {
					0D63D1002C72FD2629CB52A7 = {
						ProvisioningStyle = Automatic;
					};
					6B260098E370C47DED35CB6B = {
						ProvisioningStyle = Automatic;
						TestTargetID = 0D63D1002C72FD2629CB52A7;
					};
				};
			};
			buildConfigurationList = AF786767F5CC0471F127277B /* Build configuration list for PBXProject "Kino-iOS" */;
			developmentRegion = en;
			hasScannedForEncodings = 0;
			knownRegions = (
				Base,
				en,
			);
			mainGroup = F43CB591389BC8650B3661D4;
			minimizedProjectReferenceProxies = 1;
			packageReferences = (
				1E9350ED327A7FBE7F8CB9FC /* XCLocalSwiftPackageReference "../../Packages/KinoKit" */,
			);
			preferredProjectObjectVersion = 77;
			productRefGroup = AD22F0E6BC90371C89AD6B5D /* Products */;
			projectDirPath = "";
			projectRoot = "";
			targets = (
				0D63D1002C72FD2629CB52A7 /* Kino-iOS */,
				6B260098E370C47DED35CB6B /* Kino-iOSUITests */,
			);
		};
/* End PBXProject section */

/* Begin PBXSourcesBuildPhase section */
		7612681755E31A63315B2289 /* Sources */ = {
			isa = PBXSourcesBuildPhase;
			buildActionMask = 2147483647;
			files = (
				FEF3FD13A05E29B3A380D0D7 /* LaunchSmokeTests.swift in Sources */,
			);
			runOnlyForDeploymentPostprocessing = 0;
		};
		8DD15C793353C9E7B15C0B70 /* Sources */ = {
			isa = PBXSourcesBuildPhase;
			buildActionMask = 2147483647;
			files = (
				960D2812F9F18DB7E97D7886 /* App.swift in Sources */,
				A1B2C3D4E5F60001A2B3C4D5 /* AppState.swift in Sources */,
				A1B2C3D4E5F60002A2B3C4D5 /* KinoClientEnvironment.swift in Sources */,
				A1B2C3D4E5F60003A2B3C4D5 /* KinoAsyncImage.swift in Sources */,
				A1B2C3D4E5F60004A2B3C4D5 /* PosterCell.swift in Sources */,
				A1B2C3D4E5F60005A2B3C4D5 /* PosterRow.swift in Sources */,
				A1B2C3D4E5F60006A2B3C4D5 /* PosterGrid.swift in Sources */,
				A1B2C3D4E5F60007A2B3C4D5 /* StatusPill.swift in Sources */,
				A1B2C3D4E5F60008A2B3C4D5 /* ErrorBanner.swift in Sources */,
				A1B2C3D4E5F60009A2B3C4D5 /* AvatarButton.swift in Sources */,
				CP1000000000000000000001 /* StatusPillRequestState.swift in Sources */,
				A1B2C3D4E5F6000AA2B3C4D5 /* MainTabView.swift in Sources */,
				A1B2C3D4E5F6000BA2B3C4D5 /* MainSplitView.swift in Sources */,
				A1B2C3D4E5F6000CA2B3C4D5 /* AccountSheet.swift in Sources */,
				PA1000000000000000000001 /* PairingFlow.swift in Sources */,
				PA1000000000000000000002 /* PairingViewModel.swift in Sources */,
				PA1000000000000000000003 /* ServerListView.swift in Sources */,
				PA1000000000000000000004 /* ManualURLEntryView.swift in Sources */,
				PA1000000000000000000005 /* CodeView.swift in Sources */,
				MV1000000000000000000001 /* LibraryGridViewModel.swift in Sources */,
				MV1000000000000000000002 /* LibraryGridView.swift in Sources */,
				MV1000000000000000000003 /* MoviesView.swift in Sources */,
				MV1000000000000000000004 /* ShowsView.swift in Sources */,
				MV1000000000000000000005 /* ItemDetailViewModel.swift in Sources */,
				MV1000000000000000000006 /* ItemDetailView.swift in Sources */,
				SR1000000000000000000001 /* SearchViewModel.swift in Sources */,
				SR1000000000000000000002 /* SearchView.swift in Sources */,
				HM1000000000000000000001 /* HomeViewModel.swift in Sources */,
				HM1000000000000000000002 /* HomeView.swift in Sources */,
				RQ1000000000000000000001 /* RequestsViewModel.swift in Sources */,
				RQ1000000000000000000002 /* RequestsView.swift in Sources */,
				RQ1000000000000000000003 /* RequestDetailViewModel.swift in Sources */,
				RQ1000000000000000000004 /* RequestDetailView.swift in Sources */,
				ST1000000000000000000001 /* SettingsViewModel.swift in Sources */,
				ST1000000000000000000002 /* SettingsView.swift in Sources */,
				PL1000000000000000000001 /* AVPlayerViewControllerRepresentable.swift in Sources */,
				PL1000000000000000000002 /* PlayerContainer.swift in Sources */,
			);
			runOnlyForDeploymentPostprocessing = 0;
		};
/* End PBXSourcesBuildPhase section */

/* Begin PBXTargetDependency section */
		572173EC67E3EB950E1B58C1 /* PBXTargetDependency */ = {
			isa = PBXTargetDependency;
			target = 0D63D1002C72FD2629CB52A7 /* Kino-iOS */;
			targetProxy = EB50F4C77820FB88F246B750 /* PBXContainerItemProxy */;
		};
/* End PBXTargetDependency section */

/* Begin XCBuildConfiguration section */
		342C9EEB6569A02C289D5738 /* Release */ = {
			isa = XCBuildConfiguration;
			buildSettings = {
				BUNDLE_LOADER = "$(TEST_HOST)";
				IPHONEOS_DEPLOYMENT_TARGET = 17.0;
				LD_RUNPATH_SEARCH_PATHS = (
					"$(inherited)",
					"@executable_path/Frameworks",
					"@loader_path/Frameworks",
				);
				PRODUCT_BUNDLE_IDENTIFIER = com.fdatoo.kino.ios.uitests;
				SDKROOT = iphoneos;
				TARGETED_DEVICE_FAMILY = "1,2";
				TEST_TARGET_NAME = "Kino-iOS";
			};
			name = Release;
		};
		45972FD4AE6BA4D26B5EB418 /* Debug */ = {
			isa = XCBuildConfiguration;
			buildSettings = {
				ASSETCATALOG_COMPILER_APPICON_NAME = AppIcon;
				CODE_SIGN_IDENTITY = "iPhone Developer";
				INFOPLIST_KEY_UIApplicationSceneManifest_Generation = YES;
				INFOPLIST_KEY_UIApplicationSupportsIndirectInputEvents = YES;
				INFOPLIST_KEY_UILaunchScreen_Generation = YES;
				INFOPLIST_KEY_UIUserInterfaceStyle = Dark;
				INFOPLIST_KEY_UIBackgroundModes = audio;
				IPHONEOS_DEPLOYMENT_TARGET = 17.0;
				LD_RUNPATH_SEARCH_PATHS = (
					"$(inherited)",
					"@executable_path/Frameworks",
				);
				PRODUCT_BUNDLE_IDENTIFIER = com.fdatoo.kino.ios;
				SDKROOT = iphoneos;
				TARGETED_DEVICE_FAMILY = "1,2";
			};
			name = Debug;
		};
		8DC9842971CE13C6752053AB /* Debug */ = {
			isa = XCBuildConfiguration;
			buildSettings = {
				BUNDLE_LOADER = "$(TEST_HOST)";
				IPHONEOS_DEPLOYMENT_TARGET = 17.0;
				LD_RUNPATH_SEARCH_PATHS = (
					"$(inherited)",
					"@executable_path/Frameworks",
					"@loader_path/Frameworks",
				);
				PRODUCT_BUNDLE_IDENTIFIER = com.fdatoo.kino.ios.uitests;
				SDKROOT = iphoneos;
				TARGETED_DEVICE_FAMILY = "1,2";
				TEST_TARGET_NAME = "Kino-iOS";
			};
			name = Debug;
		};
		A97B26B5D02B405126BAAA2F /* Release */ = {
			isa = XCBuildConfiguration;
			buildSettings = {
				ASSETCATALOG_COMPILER_APPICON_NAME = AppIcon;
				CODE_SIGN_IDENTITY = "iPhone Developer";
				INFOPLIST_KEY_UIApplicationSceneManifest_Generation = YES;
				INFOPLIST_KEY_UIApplicationSupportsIndirectInputEvents = YES;
				INFOPLIST_KEY_UILaunchScreen_Generation = YES;
				INFOPLIST_KEY_UIUserInterfaceStyle = Dark;
				INFOPLIST_KEY_UIBackgroundModes = audio;
				IPHONEOS_DEPLOYMENT_TARGET = 17.0;
				LD_RUNPATH_SEARCH_PATHS = (
					"$(inherited)",
					"@executable_path/Frameworks",
				);
				PRODUCT_BUNDLE_IDENTIFIER = com.fdatoo.kino.ios;
				SDKROOT = iphoneos;
				TARGETED_DEVICE_FAMILY = "1,2";
			};
			name = Release;
		};
		D22FC43958707DF5EB22E2B6 /* Release */ = {
			isa = XCBuildConfiguration;
			buildSettings = {
				ALWAYS_SEARCH_USER_PATHS = NO;
				CLANG_ANALYZER_NONNULL = YES;
				CLANG_ANALYZER_NUMBER_OBJECT_CONVERSION = YES_AGGRESSIVE;
				CLANG_CXX_LANGUAGE_STANDARD = "gnu++14";
				CLANG_CXX_LIBRARY = "libc++";
				CLANG_ENABLE_MODULES = YES;
				CLANG_ENABLE_OBJC_ARC = YES;
				CLANG_ENABLE_OBJC_WEAK = YES;
				CLANG_WARN_BLOCK_CAPTURE_AUTORELEASING = YES;
				CLANG_WARN_BOOL_CONVERSION = YES;
				CLANG_WARN_COMMA = YES;
				CLANG_WARN_CONSTANT_CONVERSION = YES;
				CLANG_WARN_DEPRECATED_OBJC_IMPLEMENTATIONS = YES;
				CLANG_WARN_DIRECT_OBJC_ISA_USAGE = YES_ERROR;
				CLANG_WARN_DOCUMENTATION_COMMENTS = YES;
				CLANG_WARN_EMPTY_BODY = YES;
				CLANG_WARN_ENUM_CONVERSION = YES;
				CLANG_WARN_INFINITE_RECURSION = YES;
				CLANG_WARN_INT_CONVERSION = YES;
				CLANG_WARN_NON_LITERAL_NULL_CONVERSION = YES;
				CLANG_WARN_OBJC_IMPLICIT_RETAIN_SELF = YES;
				CLANG_WARN_OBJC_LITERAL_CONVERSION = YES;
				CLANG_WARN_OBJC_ROOT_CLASS = YES_ERROR;
				CLANG_WARN_QUOTED_INCLUDE_IN_FRAMEWORK_HEADER = YES;
				CLANG_WARN_RANGE_LOOP_ANALYSIS = YES;
				CLANG_WARN_STRICT_PROTOTYPES = YES;
				CLANG_WARN_SUSPICIOUS_MOVE = YES;
				CLANG_WARN_UNGUARDED_AVAILABILITY = YES_AGGRESSIVE;
				CLANG_WARN_UNREACHABLE_CODE = YES;
				CLANG_WARN__DUPLICATE_METHOD_MATCH = YES;
				CODE_SIGNING_ALLOWED = NO;
				CODE_SIGN_STYLE = Automatic;
				COPY_PHASE_STRIP = NO;
				CURRENT_PROJECT_VERSION = 1;
				DEBUG_INFORMATION_FORMAT = "dwarf-with-dsym";
				ENABLE_NS_ASSERTIONS = NO;
				ENABLE_STRICT_OBJC_MSGSEND = YES;
				GCC_C_LANGUAGE_STANDARD = gnu11;
				GCC_NO_COMMON_BLOCKS = YES;
				GCC_WARN_64_TO_32_BIT_CONVERSION = YES;
				GCC_WARN_ABOUT_RETURN_TYPE = YES_ERROR;
				GCC_WARN_UNDECLARED_SELECTOR = YES;
				GCC_WARN_UNINITIALIZED_AUTOS = YES_AGGRESSIVE;
				GCC_WARN_UNUSED_FUNCTION = YES;
				GCC_WARN_UNUSED_VARIABLE = YES;
				GENERATE_INFOPLIST_FILE = YES;
				INFOPLIST_KEY_UILaunchScreen_Generation = YES;
				IPHONEOS_DEPLOYMENT_TARGET = 17.0;
				MARKETING_VERSION = 0.0.1;
				MTL_ENABLE_DEBUG_INFO = NO;
				MTL_FAST_MATH = YES;
				PRODUCT_NAME = "$(TARGET_NAME)";
				SDKROOT = iphoneos;
				SWIFT_COMPILATION_MODE = wholemodule;
				SWIFT_OPTIMIZATION_LEVEL = "-O";
				SWIFT_VERSION = 6.0;
			};
			name = Release;
		};
		F9C7DD63E4D8178595C629C2 /* Debug */ = {
			isa = XCBuildConfiguration;
			buildSettings = {
				ALWAYS_SEARCH_USER_PATHS = NO;
				CLANG_ANALYZER_NONNULL = YES;
				CLANG_ANALYZER_NUMBER_OBJECT_CONVERSION = YES_AGGRESSIVE;
				CLANG_CXX_LANGUAGE_STANDARD = "gnu++14";
				CLANG_CXX_LIBRARY = "libc++";
				CLANG_ENABLE_MODULES = YES;
				CLANG_ENABLE_OBJC_ARC = YES;
				CLANG_ENABLE_OBJC_WEAK = YES;
				CLANG_WARN_BLOCK_CAPTURE_AUTORELEASING = YES;
				CLANG_WARN_BOOL_CONVERSION = YES;
				CLANG_WARN_COMMA = YES;
				CLANG_WARN_CONSTANT_CONVERSION = YES;
				CLANG_WARN_DEPRECATED_OBJC_IMPLEMENTATIONS = YES;
				CLANG_WARN_DIRECT_OBJC_ISA_USAGE = YES_ERROR;
				CLANG_WARN_DOCUMENTATION_COMMENTS = YES;
				CLANG_WARN_EMPTY_BODY = YES;
				CLANG_WARN_ENUM_CONVERSION = YES;
				CLANG_WARN_INFINITE_RECURSION = YES;
				CLANG_WARN_INT_CONVERSION = YES;
				CLANG_WARN_NON_LITERAL_NULL_CONVERSION = YES;
				CLANG_WARN_OBJC_IMPLICIT_RETAIN_SELF = YES;
				CLANG_WARN_OBJC_LITERAL_CONVERSION = YES;
				CLANG_WARN_OBJC_ROOT_CLASS = YES_ERROR;
				CLANG_WARN_QUOTED_INCLUDE_IN_FRAMEWORK_HEADER = YES;
				CLANG_WARN_RANGE_LOOP_ANALYSIS = YES;
				CLANG_WARN_STRICT_PROTOTYPES = YES;
				CLANG_WARN_SUSPICIOUS_MOVE = YES;
				CLANG_WARN_UNGUARDED_AVAILABILITY = YES_AGGRESSIVE;
				CLANG_WARN_UNREACHABLE_CODE = YES;
				CLANG_WARN__DUPLICATE_METHOD_MATCH = YES;
				CODE_SIGNING_ALLOWED = NO;
				CODE_SIGN_STYLE = Automatic;
				COPY_PHASE_STRIP = NO;
				CURRENT_PROJECT_VERSION = 1;
				DEBUG_INFORMATION_FORMAT = dwarf;
				ENABLE_STRICT_OBJC_MSGSEND = YES;
				ENABLE_TESTABILITY = YES;
				GCC_C_LANGUAGE_STANDARD = gnu11;
				GCC_DYNAMIC_NO_PIC = NO;
				GCC_NO_COMMON_BLOCKS = YES;
				GCC_OPTIMIZATION_LEVEL = 0;
				GCC_PREPROCESSOR_DEFINITIONS = (
					"$(inherited)",
					"DEBUG=1",
				);
				GCC_WARN_64_TO_32_BIT_CONVERSION = YES;
				GCC_WARN_ABOUT_RETURN_TYPE = YES_ERROR;
				GCC_WARN_UNDECLARED_SELECTOR = YES;
				GCC_WARN_UNINITIALIZED_AUTOS = YES_AGGRESSIVE;
				GCC_WARN_UNUSED_FUNCTION = YES;
				GCC_WARN_UNUSED_VARIABLE = YES;
				GENERATE_INFOPLIST_FILE = YES;
				INFOPLIST_KEY_UILaunchScreen_Generation = YES;
				IPHONEOS_DEPLOYMENT_TARGET = 17.0;
				MARKETING_VERSION = 0.0.1;
				MTL_ENABLE_DEBUG_INFO = INCLUDE_SOURCE;
				MTL_FAST_MATH = YES;
				ONLY_ACTIVE_ARCH = YES;
				PRODUCT_NAME = "$(TARGET_NAME)";
				SDKROOT = iphoneos;
				SWIFT_ACTIVE_COMPILATION_CONDITIONS = DEBUG;
				SWIFT_OPTIMIZATION_LEVEL = "-Onone";
				SWIFT_VERSION = 6.0;
			};
			name = Debug;
		};
/* End XCBuildConfiguration section */

/* Begin XCConfigurationList section */
		4152280E2FB332793B31A738 /* Build configuration list for PBXNativeTarget "Kino-iOS" */ = {
			isa = XCConfigurationList;
			buildConfigurations = (
				45972FD4AE6BA4D26B5EB418 /* Debug */,
				A97B26B5D02B405126BAAA2F /* Release */,
			);
			defaultConfigurationIsVisible = 0;
			defaultConfigurationName = Debug;
		};
		6B39DC122CBF5C11679DDAE7 /* Build configuration list for PBXNativeTarget "Kino-iOSUITests" */ = {
			isa = XCConfigurationList;
			buildConfigurations = (
				8DC9842971CE13C6752053AB /* Debug */,
				342C9EEB6569A02C289D5738 /* Release */,
			);
			defaultConfigurationIsVisible = 0;
			defaultConfigurationName = Debug;
		};
		AF786767F5CC0471F127277B /* Build configuration list for PBXProject "Kino-iOS" */ = {
			isa = XCConfigurationList;
			buildConfigurations = (
				F9C7DD63E4D8178595C629C2 /* Debug */,
				D22FC43958707DF5EB22E2B6 /* Release */,
			);
			defaultConfigurationIsVisible = 0;
			defaultConfigurationName = Debug;
		};
/* End XCConfigurationList section */

/* Begin XCLocalSwiftPackageReference section */
		1E9350ED327A7FBE7F8CB9FC /* XCLocalSwiftPackageReference "../../Packages/KinoKit" */ = {
			isa = XCLocalSwiftPackageReference;
			relativePath = ../../Packages/KinoKit;
		};
/* End XCLocalSwiftPackageReference section */

/* Begin XCSwiftPackageProductDependency section */
		2C72175A3B6818306FD6DF32 /* KinoKit */ = {
			isa = XCSwiftPackageProductDependency;
			productName = KinoKit;
		};
/* End XCSwiftPackageProductDependency section */
	};
	rootObject = D639DD0B0024151CEC6596D7 /* Project object */;
}
